
Microsoft Visual Studio Solution File, Format Version 12.00
# Visual Studio Version 17
VisualStudioVersion = 17.3.32825.248
MinimumVisualStudioVersion = 10.0.40219.1
Project("{FAE04EC0-301F-11D3-BF4B-00C04F79EFBC}") = "DevCard.MVC", "DevCard.MVC\DevCard.MVC.csproj", "{C3AA3107-24CD-44DF-9E0F-666AA7BD95D7}"
EndProject
Global
	GlobalSection(SolutionConfigurationPlatforms) = preSolution
		Debug|Any CPU = Debug|Any CPU
		Release|Any CPU = Release|Any CPU
	EndGlobalSection
	GlobalSection(ProjectConfigurationPlatforms) = postSolution
		{C3AA3107-24CD-44DF-9E0F-666AA7BD95D7}.Debug|Any CPU.ActiveCfg = Debug|Any CPU
		{C3AA3107-24CD-44DF-9E0F-666AA7BD95D7}.Debug|Any CPU.Build.0 = Debug|Any CPU
		{C3AA3107-24CD-44DF-9E0F-666AA7BD95D7}.Release|Any CPU.ActiveCfg = Release|Any CPU
		{C3AA3107-24CD-44DF-9E0F-666AA7BD95D7}.Release|Any CPU.Build.0 = Release|Any CPU
	EndGlobalSection
	GlobalSection(SolutionProperties) = preSolution
		HideSolutionNode = FALSE
	EndGlobalSection
	GlobalSection(ExtensibilityGlobals) = postSolution
		SolutionGuid = {3FE6122B-2CCD-4E9A-86E9-BDEDD476A16B}
	EndGlobalSection
EndGlobal
